// !$*UTF8*$!
{
	archiveVersion = 1;
	classes = {
	};
	objectVersion = 48;
	objects = {

/* Begin PBXBuildFile section */
		FB5B667B200705AA00015635 /* UIImage+PixelBufferML.swift in Sources */ = {isa = PBXBuildFile; fileRef = FB5B667A200705AA00015635 /* UIImage+PixelBufferML.swift */; };
		FB6E14D52006F0D5007098D9 /* AppDelegate.swift in Sources */ = {isa = PBXBuildFile; fileRef = FB6E14D42006F0D5007098D9 /* AppDelegate.swift */; };
		FB6E14D72006F0D5007098D9 /* ViewController.swift in Sources */ = {isa = PBXBuildFile; fileRef = FB6E14D62006F0D5007098D9 /* ViewController.swift */; };
		FB6E14DA2006F0D5007098D9 /* Main.storyboard in Resources */ = {isa = PBXBuildFile; fileRef = FB6E14D82006F0D5007098D9 /* Main.storyboard */; };
		FB6E14DC2006F0D5007098D9 /* Assets.xcassets in Resources */ = {isa = PBXBuildFile; fileRef = FB6E14DB2006F0D5007098D9 /* Assets.xcassets */; };
		FB6E14DF2006F0D5007098D9 /* LaunchScreen.storyboard in Resources */ = {isa = PBXBuildFile; fileRef = FB6E14DD2006F0D5007098D9 /* LaunchScreen.storyboard */; };
		FB6E14E72006F281007098D9 /* RiceSoupClassifier.mlmodel in Sources */ = {isa = PBXBuildFile; fileRef = FB6E14E62006F281007098D9 /* RiceSoupClassifier.mlmodel */; };
/* End PBXBuildFile section */

/* Begin PBXFileReference section */
		FB5B667A200705AA00015635 /* UIImage+PixelBufferML.swift */ = {isa = PBXFileReference; lastKnownFileType = sourcecode.swift; path = "UIImage+PixelBufferML.swift"; sourceTree = "<group>"; };
		FB6E14D12006F0D5007098D9 /* ExampleImageClassifier.app */ = {isa = PBXFileReference; explicitFileType = wrapper.application; includeInIndex = 0; path = ExampleImageClassifier.app; sourceTree = BUILT_PRODUCTS_DIR; };
		FB6E14D42006F0D5007098D9 /* AppDelegate.swift */ = {isa = PBXFileReference; lastKnownFileType = sourcecode.swift; path = AppDelegate.swift; sourceTree = "<group>"; };
		FB6E14D62006F0D5007098D9 /* ViewController.swift */ = {isa = PBXFileReference; lastKnownFileType = sourcecode.swift; path = ViewController.swift; sourceTree = "<group>"; };
		FB6E14D92006F0D5007098D9 /* Base */ = {isa = PBXFileReference; lastKnownFileType = file.storyboard; name = Base; path = Base.lproj/Main.storyboard; sourceTree = "<group>"; };
		FB6E14DB2006F0D5007098D9 /* Assets.xcassets */ = {isa = PBXFileReference; lastKnownFileType = folder.assetcatalog; path = Assets.xcassets; sourceTree = "<group>"; };
		FB6E14DE2006F0D5007098D9 /* Base */ = {isa = PBXFileReference; lastKnownFileType = file.storyboard; name = Base; path = Base.lproj/LaunchScreen.storyboard; sourceTree = "<group>"; };
		FB6E14E02006F0D5007098D9 /* Info.plist */ = {isa = PBXFileReference; lastKnownFileType = text.plist.xml; path = Info.plist; sourceTree = "<group>"; };
		FB6E14E62006F281007098D9 /* RiceSoupClassifier.mlmodel */ = {isa = PBXFileReference; lastKnownFileType = file.mlmodel; path = RiceSoupClassifier.mlmodel; sourceTree = "<group>"; };
/* End PBXFileReference section */

/* Begin PBXFrameworksBuildPhase section */
		FB6E14CE2006F0D5007098D9 /* Frameworks */ = {
			isa = PBXFrameworksBuildPhase;
			buildActionMask = 2147483647;
			files = (
			);
			runOnlyForDeploymentPostprocessing = 0;
		};
/* End PBXFrameworksBuildPhase section */

/* Begin PBXGroup section */
		FB6E14C82006F0D5007098D9 = {
			isa = PBXGroup;
			children = (
				FB6E14E62006F281007098D9 /* RiceSoupClassifier.mlmodel */,
				FB6E14D32006F0D5007098D9 /* ExampleImageClassifier */,
				FB6E14D22006F0D5007098D9 /* Products */,
			);
			sourceTree = "<group>";
		};
		FB6E14D22006F0D5007098D9 /* Products */ = {
			isa = PBXGroup;
			children = (
				FB6E14D12006F0D5007098D9 /* ExampleImageClassifier.app */,
			);
			name = Products;
			sourceTree = "<group>";
		};
		FB6E14D32006F0D5007098D9 /* ExampleImageClassifier */ = {
			isa = PBXGroup;
			children = (
				FB6E14D42006F0D5007098D9 /* AppDelegate.swift */,
				FB6E14D62006F0D5007098D9 /* ViewController.swift */,
				FB5B667A200705AA00015635 /* UIImage+PixelBufferML.swift */,
				FB6E14D82006F0D5007098D9 /* Main.storyboard */,
				FB6E14DB2006F0D5007098D9 /* Assets.xcassets */,
				FB6E14DD2006F0D5007098D9 /* LaunchScreen.storyboard */,
				FB6E14E02006F0D5007098D9 /* Info.plist */,
			);
			path = ExampleImageClassifier;
			sourceTree = "<group>";
		};
/* End PBXGroup section */

/* Begin PBXNativeTarget section */
		FB6E14D02006F0D5007098D9 /* ExampleImageClassifier */ = {
			isa = PBXNativeTarget;
			buildConfigurationList = FB6E14E32006F0D5007098D9 /* Build configuration list for PBXNativeTarget "ExampleImageClassifier" */;
			buildPhases = (
				FB6E14CD2006F0D5007098D9 /* Sources */,
				FB6E14CE2006F0D5007098D9 /* Frameworks */,
				FB6E14CF2006F0D5007098D9 /* Resources */,
			);
			buildRules = (
			);
			dependencies = (
			);
			name = ExampleImageClassifier;
			productName = ExampleImageClassifier;
			productReference = FB6E14D12006F0D5007098D9 /* ExampleImageClassifier.app */;
			productType = "com.apple.product-type.application";
		};
/* End PBXNativeTarget section */

/* Begin PBXProject section */
		FB6E14C92006F0D5007098D9 /* Project object */ = {
			isa = PBXProject;
			attributes = {
				LastSwiftUpdateCheck = 0920;
				LastUpgradeCheck = 0920;
				ORGANIZATIONNAME = "Ahmed Fathi Bekhit";
				TargetAttributes = {
					FB6E14D02006F0D5007098D9 = {
						CreatedOnToolsVersion = 9.2;
						ProvisioningStyle = Automatic;
					};
				};
			};
			buildConfigurationList = FB6E14CC2006F0D5007098D9 /* Build configuration list for PBXProject "ExampleImageClassifier" */;
			compatibilityVersion = "Xcode 8.0";
			developmentRegion = en;
			hasScannedForEncodings = 0;
			knownRegions = (
				en,
				Base,
			);
			mainGroup = FB6E14C82006F0D5007098D9;
			productRefGroup = FB6E14D22006F0D5007098D9 /* Products */;
			projectDirPath = "";
			projectRoot = "";
			targets = (
				FB6E14D02006F0D5007098D9 /* ExampleImageClassifier */,
			);
		};
/* End PBXProject section */

/* Begin PBXResourcesBuildPhase section */
		FB6E14CF2006F0D5007098D9 /* Resources */ = {
			isa = PBXResourcesBuildPhase;
			buildActionMask = 2147483647;
			files = (
				FB6E14DF2006F0D5007098D9 /* LaunchScreen.storyboard in Resources */,
				FB6E14DC2006F0D5007098D9 /* Assets.xcassets in Resources */,
				FB6E14DA2006F0D5007098D9 /* Main.storyboard in Resources */,
			);
			runOnlyForDeploymentPostprocessing = 0;
		};
/* End PBXResourcesBuildPhase section */

/* Begin PBXSourcesBuildPhase section */
		FB6E14CD2006F0D5007098D9 /* Sources */ = {
			isa = PBXSourcesBuildPhase;
			buildActionMask = 2147483647;
			files = (
				FB6E14D72006F0D5007098D9 /* ViewController.swift in Sources */,
				FB6E14E72006F281007098D9 /* RiceSoupClassifier.mlmodel in Sources */,
				FB6E14D52006F0D5007098D9 /* AppDelegate.swift in Sources */,
				FB5B667B200705AA00015635 /* UIImage+PixelBufferML.swift in Sources */,
			);
			runOnlyForDeploymentPostprocessing = 0;
		};
/* End PBXSourcesBuildPhase section */

/* Begin PBXVariantGroup section */
		FB6E14D82006F0D5007098D9 /* Main.storyboard */ = {
			isa = PBXVariantGroup;
			children = (
				FB6E14D92006F0D5007098D9 /* Base */,
			);
			name = Main.storyboard;
			sourceTree = "<group>";
		};
		FB6E14DD2006F0D5007098D9 /* LaunchScreen.storyboard */ = {
			isa = PBXVariantGroup;
			children = (
				FB6E14DE2006F0D5007098D9 /* Base */,
			);
			name = LaunchScreen.storyboard;
			sourceTree = "<group>";
		};
/* End PBXVariantGroup section */

/* Begin XCBuildConfiguration section */
		FB6E14E12006F0D5007098D9 /* Debug */ = {
			isa = XCBuildConfiguration;
			buildSettings = {
				ALWAYS_SEARCH_USER_PATHS = NO;
				CLANG_ANALYZER_NONNULL = YES;
				CLANG_ANALYZER_NUMBER_OBJECT_CONVERSION = YES_AGGRESSIVE;
				CLANG_CXX_LANGUAGE_STANDARD = "gnu++14";
				CLANG_CXX_LIBRARY = "libc++";
				CLANG_ENABLE_MODULES = YES;
				CLANG_ENABLE_OBJC_ARC = YES;
				CLANG_WARN_BLOCK_CAPTURE_AUTORELEASING = YES;
				CLANG_WARN_BOOL_CONVERSION = YES;
				CLANG_WARN_COMMA = YES;
				CLANG_WARN_CONSTANT_CONVERSION = YES;
				CLANG_WARN_DIRECT_OBJC_ISA_USAGE = YES_ERROR;
				CLANG_WARN_DOCUMENTATION_COMMENTS = YES;
				CLANG_WARN_EMPTY_BODY = YES;
				CLANG_WARN_ENUM_CONVERSION = YES;
				CLANG_WARN_INFINITE_RECURSION = YES;
				CLANG_WARN_INT_CONVERSION = YES;
				CLANG_WARN_NON_LITERAL_NULL_CONVERSION = YES;
				CLANG_WARN_OBJC_LITERAL_CONVERSION = YES;
				CLANG_WARN_OBJC_ROOT_CLASS = YES_ERROR;
				CLANG_WARN_RANGE_LOOP_ANALYSIS = YES;
				CLANG_WARN_STRICT_PROTOTYPES = YES;
				CLANG_WARN_SUSPICIOUS_MOVE = YES;
				CLANG_WARN_UNGUARDED_AVAILABILITY = YES_AGGRESSIVE;
				CLANG_WARN_UNREACHABLE_CODE = YES;
				CLANG_WARN__DUPLICATE_METHOD_MATCH = YES;
				CODE_SIGN_IDENTITY = "iPhone Developer";
				COPY_PHASE_STRIP = NO;
				DEBUG_INFORMATION_FORMAT = dwarf;
				ENABLE_STRICT_OBJC_MSGSEND = YES;
				ENABLE_TESTABILITY = YES;
				GCC_C_LANGUAGE_STANDARD = gnu11;
				GCC_DYNAMIC_NO_PIC = NO;
				GCC_NO_COMMON_BLOCKS = YES;
				GCC_OPTIMIZATION_LEVEL = 0;
				GCC_PREPROCESSOR_DEFINITIONS = (
					"DEBUG=1",
					"$(inherited)",
				);
				GCC_WARN_64_TO_32_BIT_CONVERSION = YES;
				GCC_WARN_ABOUT_RETURN_TYPE = YES_ERROR;
				GCC_WARN_UNDECLARED_SELECTOR = YES;
				GCC_WARN_UNINITIALIZED_AUTOS = YES_AGGRESSIVE;
				GCC_WARN_UNUSED_FUNCTION = YES;
				GCC_WARN_UNUSED_VARIABLE = YES;
				IPHONEOS_DEPLOYMENT_TARGET = 11.2;
				MTL_ENABLE_DEBUG_INFO = YES;
				ONLY_ACTIVE_ARCH = YES;
				SDKROOT = iphoneos;
				SWIFT_ACTIVE_COMPILATION_CONDITIONS = DEBUG;
				SWIFT_OPTIMIZATION_LEVEL = "-Onone";
			};
			name = Debug;
		};
		FB6E14E22006F0D5007098D9 /* Release */ = {
			isa = XCBuildConfiguration;
			buildSettings = {
				ALWAYS_SEARCH_USER_PATHS = NO;
				CLANG_ANALYZER_NONNULL = YES;
				CLANG_ANALYZER_NUMBER_OBJECT_CONVERSION = YES_AGGRESSIVE;
				CLANG_CXX_LANGUAGE_STANDARD = "gnu++14";
				CLANG_CXX_LIBRARY = "libc++";
				CLANG_ENABLE_MODULES = YES;
				CLANG_ENABLE_OBJC_ARC = YES;
				CLANG_WARN_BLOCK_CAPTURE_AUTORELEASING = YES;
				CLANG_WARN_BOOL_CONVERSION = YES;
				CLANG_WARN_COMMA = YES;
				CLANG_WARN_CONSTANT_CONVERSION = YES;
				CLANG_WARN_DIRECT_OBJC_ISA_USAGE = YES_ERROR;
				CLANG_WARN_DOCUMENTATION_COMMENTS = YES;
				CLANG_WARN_EMPTY_BODY = YES;
				CLANG_WARN_ENUM_CONVERSION = YES;
				CLANG_WARN_INFINITE_RECURSION = YES;
				CLANG_WARN_INT_CONVERSION = YES;
				CLANG_WARN_NON_LITERAL_NULL_CONVERSION = YES;
				CLANG_WARN_OBJC_LITERAL_CONVERSION = YES;
				CLANG_WARN_OBJC_ROOT_CLASS = YES_ERROR;
				CLANG_WARN_RANGE_LOOP_ANALYSIS = YES;
				CLANG_WARN_STRICT_PROTOTYPES = YES;
				CLANG_WARN_SUSPICIOUS_MOVE = YES;
				CLANG_WARN_UNGUARDED_AVAILABILITY = YES_AGGRESSIVE;
				CLANG_WARN_UNREACHABLE_CODE = YES;
				CLANG_WARN__DUPLICATE_METHOD_MATCH = YES;
				CODE_SIGN_IDENTITY = "iPhone Developer";
				COPY_PHASE_STRIP = NO;
				DEBUG_INFORMATION_FORMAT = "dwarf-with-dsym";
				ENABLE_NS_ASSERTIONS = NO;
				ENABLE_STRICT_OBJC_MSGSEND = YES;
				GCC_C_LANGUAGE_STANDARD = gnu11;
				GCC_NO_COMMON_BLOCKS = YES;
				GCC_WARN_64_TO_32_BIT_CONVERSION = YES;
				GCC_WARN_ABOUT_RETURN_TYPE = YES_ERROR;
				GCC_WARN_UNDECLARED_SELECTOR = YES;
				GCC_WARN_UNINITIALIZED_AUTOS = YES_AGGRESSIVE;
				GCC_WARN_UNUSED_FUNCTION = YES;
				GCC_WARN_UNUSED_VARIABLE = YES;
				IPHONEOS_DEPLOYMENT_TARGET = 11.2;
				MTL_ENABLE_DEBUG_INFO = NO;
				SDKROOT = iphoneos;
				SWIFT_OPTIMIZATION_LEVEL = "-Owholemodule";
				VALIDATE_PRODUCT = YES;
			};
			name = Release;
		};
		FB6E14E42006F0D5007098D9 /* Debug */ = {
			isa = XCBuildConfiguration;
			buildSettings = {
				ASSETCATALOG_COMPILER_APPICON_NAME = AppIcon;
				CODE_SIGN_STYLE = Automatic;
				DEVELOPMENT_TEAM = "";
				INFOPLIST_FILE = ExampleImageClassifier/Info.plist;
				IPHONEOS_DEPLOYMENT_TARGET = 11.0;
				LD_RUNPATH_SEARCH_PATHS = "$(inherited) @executable_path/Frameworks";
				PRODUCT_BUNDLE_IDENTIFIER = com.ahmedbekhit.ExampleImageClassifier;
				PRODUCT_NAME = "$(TARGET_NAME)";
				SWIFT_VERSION = 4.0;
				TARGETED_DEVICE_FAMILY = "1,2";
			};
			name = Debug;
		};
		FB6E14E52006F0D5007098D9 /* Release */ = {
			isa = XCBuildConfiguration;
			buildSettings = {
				ASSETCATALOG_COMPILER_APPICON_NAME = AppIcon;
				CODE_SIGN_STYLE = Automatic;
				DEVELOPMENT_TEAM = "";
				INFOPLIST_FILE = ExampleImageClassifier/Info.plist;
				IPHONEOS_DEPLOYMENT_TARGET = 11.0;
				LD_RUNPATH_SEARCH_PATHS = "$(inherited) @executable_path/Frameworks";
				PRODUCT_BUNDLE_IDENTIFIER = com.ahmedbekhit.ExampleImageClassifier;
				PRODUCT_NAME = "$(TARGET_NAME)";
				SWIFT_VERSION = 4.0;
				TARGETED_DEVICE_FAMILY = "1,2";
			};
			name = Release;
		};
/* End XCBuildConfiguration section */

/* Begin XCConfigurationList section */
		FB6E14CC2006F0D5007098D9 /* Build configuration list for PBXProject "ExampleImageClassifier" */ = {
			isa = XCConfigurationList;
			buildConfigurations = (
				FB6E14E12006F0D5007098D9 /* Debug */,
				FB6E14E22006F0D5007098D9 /* Release */,
			);
			defaultConfigurationIsVisible = 0;
			defaultConfigurationName = Release;
		};
		FB6E14E32006F0D5007098D9 /* Build configuration list for PBXNativeTarget "ExampleImageClassifier" */ = {
			isa = XCConfigurationList;
			buildConfigurations = (
				FB6E14E42006F0D5007098D9 /* Debug */,
				FB6E14E52006F0D5007098D9 /* Release */,
			);
			defaultConfigurationIsVisible = 0;
			defaultConfigurationName = Release;
		};
/* End XCConfigurationList section */
	};
	rootObject = FB6E14C92006F0D5007098D9 /* Project object */;
}
